<?xml version="1.0" encoding="utf-8"?>
<Project ToolsVersion="4.0" xmlns="http://schemas.microsoft.com/developer/msbuild/2003">
  <ItemGroup>
    <Filter Include="Source Files">
      <UniqueIdentifier>{4FC737F1-C7A5-4376-A066-2A32D752A2FF}</UniqueIdentifier>
      <Extensions>cpp;c;cc;cxx;def;odl;idl;hpj;bat;asm;asmx</Extensions>
    </Filter>
    <Filter Include="Header Files">
      <UniqueIdentifier>{93995380-89BD-4b04-88EB-625FBE52EBFB}</UniqueIdentifier>
      <Extensions>h;hh;hpp;hxx;hm;inl;inc;xsd</Extensions>
    </Filter>
    <Filter Include="Resource Files">
      <UniqueIdentifier>{67DA6AB6-F800-4c08-8B7A-83BB121AAD01}</UniqueIdentifier>
      <Extensions>rc;ico;cur;bmp;dlg;rc2;rct;bin;rgs;gif;jpg;jpeg;jpe;resx;tiff;tif;png;wav;mfcribbon-ms</Extensions>
    </Filter>
    <Filter Include="Header Files\RTSP">
      <UniqueIdentifier>{b2588f58-d608-4d20-bcc1-8bd00b980811}</UniqueIdentifier>
    </Filter>
    <Filter Include="Common">
      <UniqueIdentifier>{464d6306-e560-4904-ba16-b516f09d6490}</UniqueIdentifier>
    </Filter>
    <Filter Include="Rendering">
      <UniqueIdentifier>{799fd523-5ab3-4dfb-b6f9-b057841f9a04}</UniqueIdentifier>
    </Filter>
    <Filter Include="Frame">
      <UniqueIdentifier>{396bffaa-cfaa-47f4-b4ab-ccdbbd821028}</UniqueIdentifier>
    </Filter>
    <Filter Include="Source Files\Controller">
      <UniqueIdentifier>{d97f8bba-d1cc-4512-8442-121ba3d7fb2c}</UniqueIdentifier>
    </Filter>
    <Filter Include="D2D">
      <UniqueIdentifier>{422afb5b-f8ce-454d-b1fe-f6dfbaa7ea2b}</UniqueIdentifier>
    </Filter>
    <Filter Include="RTSP">
      <UniqueIdentifier>{c4773df2-fd8e-4bd1-bb0e-5d4e13d52936}</UniqueIdentifier>
    </Filter>
  </ItemGroup>
  <ItemGroup>
    <ClCompile Include="main.cpp">
      <Filter>Source Files</Filter>
    </ClCompile>
    <ClCompile Include="HyRTSPClient.cpp">
      <Filter>RTSP</Filter>
    </ClCompile>
    <ClCompile Include="HyRTSPManager.cpp">
      <Filter>RTSP</Filter>
    </ClCompile>
    <ClCompile Include="HyD2DHandler.cpp">
      <Filter>D2D</Filter>
    </ClCompile>
    <ClCompile Include="dllmain.cpp">
      <Filter>Source Files</Filter>
    </ClCompile>
    <ClCompile Include="HyRTSPRenderController.cpp">
      <Filter>Source Files\Controller</Filter>
    </ClCompile>
  </ItemGroup>
  <ItemGroup>
    <ClInclude Include="HyRTSPClient.h">
      <Filter>Header Files\RTSP</Filter>
    </ClInclude>
    <ClInclude Include="HyRTSPManager.h">
      <Filter>Header Files\RTSP</Filter>
    </ClInclude>
    <ClInclude Include="CommonDefines.h">
      <Filter>Common</Filter>
    </ClInclude>
    <ClInclude Include="HyFrame.h">
      <Filter>Frame</Filter>
    </ClInclude>
    <ClInclude Include="HyD2DHandler.h">
      <Filter>D2D</Filter>
    </ClInclude>
    <ClInclude Include="HyRTSPRenderController.h">
      <Filter>Source Files\Controller</Filter>
    </ClInclude>
  </ItemGroup>
  <ItemGroup>
    <None Include="HyperRenderer.def">
      <Filter>Source Files</Filter>
    </None>
  </ItemGroup>
</Project>