
Microsoft Visual Studio Solution File, Format Version 12.00
# Visual Studio 14
VisualStudioVersion = 14.0.25420.1
MinimumVisualStudioVersion = 10.0.40219.1
Project("{8BC9CEB8-8B4A-11D0-8D11-00A0C91BC942}") = "live555", "live555\live555.vcxproj", "{507F95C9-C62C-4547-AC52-2032892F113A}"
EndProject
Project("{8BC9CEB8-8B4A-11D0-8D11-00A0C91BC942}") = "liveMedia", "liveMedia\liveMedia.vcxproj", "{EF2CA065-1355-4628-87EB-CDFE859279A6}"
EndProject
Project("{8BC9CEB8-8B4A-11D0-8D11-00A0C91BC942}") = "UsageEnvironment", "UsageEnvironment\UsageEnvironment.vcxproj", "{3EB05C69-27AF-4B07-9484-513DA6729F6F}"
EndProject
Project("{8BC9CEB8-8B4A-11D0-8D11-00A0C91BC942}") = "BasicUsageEnvironment", "BasicUsageEnvironment\BasicUsageEnvironment.vcxproj", "{1A77249F-9A9B-4A91-A1CA-D2089866240F}"
EndProject
Project("{8BC9CEB8-8B4A-11D0-8D11-00A0C91BC942}") = "groupsock", "groupsock\groupsock.vcxproj", "{CDC23B6E-3897-47ED-B6CD-C8A6C749B3E2}"
EndProject
Project("{8BC9CEB8-8B4A-11D0-8D11-00A0C91BC942}") = "hlsProxy", "hlsProxy\hlsProxy.vcxproj", "{36394993-ECC2-4F67-B848-EC4EEE63BF3E}"
EndProject
Project("{8BC9CEB8-8B4A-11D0-8D11-00A0C91BC942}") = "mediaServer", "mediaServer\mediaServer.vcxproj", "{F7230636-FF4A-4466-B29F-217C4F42EC58}"
EndProject
Project("{8BC9CEB8-8B4A-11D0-8D11-00A0C91BC942}") = "proxyServer", "proxyServer\proxyServer.vcxproj", "{8754A548-CF24-4C26-BC6F-54F9A1B26A0A}"
EndProject
Global
	GlobalSection(SolutionConfigurationPlatforms) = preSolution
		Debug|ARM = Debug|ARM
		Debug|x64 = Debug|x64
		Debug|x86 = Debug|x86
		Release|ARM = Release|ARM
		Release|x64 = Release|x64
		Release|x86 = Release|x86
	EndGlobalSection
	GlobalSection(ProjectConfigurationPlatforms) = postSolution
		{507F95C9-C62C-4547-AC52-2032892F113A}.Debug|ARM.ActiveCfg = Debug|Win32
		{507F95C9-C62C-4547-AC52-2032892F113A}.Debug|x64.ActiveCfg = Debug|x64
		{507F95C9-C62C-4547-AC52-2032892F113A}.Debug|x64.Build.0 = Debug|x64
		{507F95C9-C62C-4547-AC52-2032892F113A}.Debug|x86.ActiveCfg = Debug|Win32
		{507F95C9-C62C-4547-AC52-2032892F113A}.Debug|x86.Build.0 = Debug|Win32
		{507F95C9-C62C-4547-AC52-2032892F113A}.Release|ARM.ActiveCfg = Release|Win32
		{507F95C9-C62C-4547-AC52-2032892F113A}.Release|x64.ActiveCfg = Release|x64
		{507F95C9-C62C-4547-AC52-2032892F113A}.Release|x64.Build.0 = Release|x64
		{507F95C9-C62C-4547-AC52-2032892F113A}.Release|x86.ActiveCfg = Release|Win32
		{507F95C9-C62C-4547-AC52-2032892F113A}.Release|x86.Build.0 = Release|Win32
		{EF2CA065-1355-4628-87EB-CDFE859279A6}.Debug|ARM.ActiveCfg = Debug|Win32
		{EF2CA065-1355-4628-87EB-CDFE859279A6}.Debug|x64.ActiveCfg = Debug|x64
		{EF2CA065-1355-4628-87EB-CDFE859279A6}.Debug|x64.Build.0 = Debug|x64
		{EF2CA065-1355-4628-87EB-CDFE859279A6}.Debug|x86.ActiveCfg = Debug|Win32
		{EF2CA065-1355-4628-87EB-CDFE859279A6}.Debug|x86.Build.0 = Debug|Win32
		{EF2CA065-1355-4628-87EB-CDFE859279A6}.Release|ARM.ActiveCfg = Release|Win32
		{EF2CA065-1355-4628-87EB-CDFE859279A6}.Release|x64.ActiveCfg = Release|x64
		{EF2CA065-1355-4628-87EB-CDFE859279A6}.Release|x64.Build.0 = Release|x64
		{EF2CA065-1355-4628-87EB-CDFE859279A6}.Release|x86.ActiveCfg = Release|Win32
		{EF2CA065-1355-4628-87EB-CDFE859279A6}.Release|x86.Build.0 = Release|Win32
		{3EB05C69-27AF-4B07-9484-513DA6729F6F}.Debug|ARM.ActiveCfg = Debug|Win32
		{3EB05C69-27AF-4B07-9484-513DA6729F6F}.Debug|x64.ActiveCfg = Debug|x64
		{3EB05C69-27AF-4B07-9484-513DA6729F6F}.Debug|x64.Build.0 = Debug|x64
		{3EB05C69-27AF-4B07-9484-513DA6729F6F}.Debug|x86.ActiveCfg = Debug|Win32
		{3EB05C69-27AF-4B07-9484-513DA6729F6F}.Debug|x86.Build.0 = Debug|Win32
		{3EB05C69-27AF-4B07-9484-513DA6729F6F}.Release|ARM.ActiveCfg = Release|Win32
		{3EB05C69-27AF-4B07-9484-513DA6729F6F}.Release|x64.ActiveCfg = Release|x64
		{3EB05C69-27AF-4B07-9484-513DA6729F6F}.Release|x64.Build.0 = Release|x64
		{3EB05C69-27AF-4B07-9484-513DA6729F6F}.Release|x86.ActiveCfg = Release|Win32
		{3EB05C69-27AF-4B07-9484-513DA6729F6F}.Release|x86.Build.0 = Release|Win32
		{1A77249F-9A9B-4A91-A1CA-D2089866240F}.Debug|ARM.ActiveCfg = Debug|Win32
		{1A77249F-9A9B-4A91-A1CA-D2089866240F}.Debug|x64.ActiveCfg = Debug|x64
		{1A77249F-9A9B-4A91-A1CA-D2089866240F}.Debug|x64.Build.0 = Debug|x64
		{1A77249F-9A9B-4A91-A1CA-D2089866240F}.Debug|x86.ActiveCfg = Debug|Win32
		{1A77249F-9A9B-4A91-A1CA-D2089866240F}.Debug|x86.Build.0 = Debug|Win32
		{1A77249F-9A9B-4A91-A1CA-D2089866240F}.Release|ARM.ActiveCfg = Release|Win32
		{1A77249F-9A9B-4A91-A1CA-D2089866240F}.Release|x64.ActiveCfg = Release|x64
		{1A77249F-9A9B-4A91-A1CA-D2089866240F}.Release|x64.Build.0 = Release|x64
		{1A77249F-9A9B-4A91-A1CA-D2089866240F}.Release|x86.ActiveCfg = Release|Win32
		{1A77249F-9A9B-4A91-A1CA-D2089866240F}.Release|x86.Build.0 = Release|Win32
		{CDC23B6E-3897-47ED-B6CD-C8A6C749B3E2}.Debug|ARM.ActiveCfg = Debug|Win32
		{CDC23B6E-3897-47ED-B6CD-C8A6C749B3E2}.Debug|x64.ActiveCfg = Debug|x64
		{CDC23B6E-3897-47ED-B6CD-C8A6C749B3E2}.Debug|x64.Build.0 = Debug|x64
		{CDC23B6E-3897-47ED-B6CD-C8A6C749B3E2}.Debug|x86.ActiveCfg = Debug|Win32
		{CDC23B6E-3897-47ED-B6CD-C8A6C749B3E2}.Debug|x86.Build.0 = Debug|Win32
		{CDC23B6E-3897-47ED-B6CD-C8A6C749B3E2}.Release|ARM.ActiveCfg = Release|Win32
		{CDC23B6E-3897-47ED-B6CD-C8A6C749B3E2}.Release|x64.ActiveCfg = Release|x64
		{CDC23B6E-3897-47ED-B6CD-C8A6C749B3E2}.Release|x64.Build.0 = Release|x64
		{CDC23B6E-3897-47ED-B6CD-C8A6C749B3E2}.Release|x86.ActiveCfg = Release|Win32
		{CDC23B6E-3897-47ED-B6CD-C8A6C749B3E2}.Release|x86.Build.0 = Release|Win32
		{36394993-ECC2-4F67-B848-EC4EEE63BF3E}.Debug|ARM.ActiveCfg = Debug|Win32
		{36394993-ECC2-4F67-B848-EC4EEE63BF3E}.Debug|x64.ActiveCfg = Debug|x64
		{36394993-ECC2-4F67-B848-EC4EEE63BF3E}.Debug|x64.Build.0 = Debug|x64
		{36394993-ECC2-4F67-B848-EC4EEE63BF3E}.Debug|x86.ActiveCfg = Debug|Win32
		{36394993-ECC2-4F67-B848-EC4EEE63BF3E}.Debug|x86.Build.0 = Debug|Win32
		{36394993-ECC2-4F67-B848-EC4EEE63BF3E}.Release|ARM.ActiveCfg = Release|Win32
		{36394993-ECC2-4F67-B848-EC4EEE63BF3E}.Release|x64.ActiveCfg = Release|x64
		{36394993-ECC2-4F67-B848-EC4EEE63BF3E}.Release|x64.Build.0 = Release|x64
		{36394993-ECC2-4F67-B848-EC4EEE63BF3E}.Release|x86.ActiveCfg = Release|Win32
		{36394993-ECC2-4F67-B848-EC4EEE63BF3E}.Release|x86.Build.0 = Release|Win32
		{F7230636-FF4A-4466-B29F-217C4F42EC58}.Debug|ARM.ActiveCfg = Debug|Win32
		{F7230636-FF4A-4466-B29F-217C4F42EC58}.Debug|x64.ActiveCfg = Debug|x64
		{F7230636-FF4A-4466-B29F-217C4F42EC58}.Debug|x64.Build.0 = Debug|x64
		{F7230636-FF4A-4466-B29F-217C4F42EC58}.Debug|x86.ActiveCfg = Debug|Win32
		{F7230636-FF4A-4466-B29F-217C4F42EC58}.Debug|x86.Build.0 = Debug|Win32
		{F7230636-FF4A-4466-B29F-217C4F42EC58}.Release|ARM.ActiveCfg = Release|Win32
		{F7230636-FF4A-4466-B29F-217C4F42EC58}.Release|x64.ActiveCfg = Release|x64
		{F7230636-FF4A-4466-B29F-217C4F42EC58}.Release|x64.Build.0 = Release|x64
		{F7230636-FF4A-4466-B29F-217C4F42EC58}.Release|x86.ActiveCfg = Release|Win32
		{F7230636-FF4A-4466-B29F-217C4F42EC58}.Release|x86.Build.0 = Release|Win32
		{8754A548-CF24-4C26-BC6F-54F9A1B26A0A}.Debug|ARM.ActiveCfg = Debug|Win32
		{8754A548-CF24-4C26-BC6F-54F9A1B26A0A}.Debug|x64.ActiveCfg = Debug|x64
		{8754A548-CF24-4C26-BC6F-54F9A1B26A0A}.Debug|x64.Build.0 = Debug|x64
		{8754A548-CF24-4C26-BC6F-54F9A1B26A0A}.Debug|x86.ActiveCfg = Debug|Win32
		{8754A548-CF24-4C26-BC6F-54F9A1B26A0A}.Debug|x86.Build.0 = Debug|Win32
		{8754A548-CF24-4C26-BC6F-54F9A1B26A0A}.Release|ARM.ActiveCfg = Release|Win32
		{8754A548-CF24-4C26-BC6F-54F9A1B26A0A}.Release|x64.ActiveCfg = Release|x64
		{8754A548-CF24-4C26-BC6F-54F9A1B26A0A}.Release|x64.Build.0 = Release|x64
		{8754A548-CF24-4C26-BC6F-54F9A1B26A0A}.Release|x86.ActiveCfg = Release|Win32
		{8754A548-CF24-4C26-BC6F-54F9A1B26A0A}.Release|x86.Build.0 = Release|Win32
	EndGlobalSection
	GlobalSection(SolutionProperties) = preSolution
		HideSolutionNode = FALSE
	EndGlobalSection
EndGlobal
