<?xml version="1.0" encoding="utf-8"?>
<Project ToolsVersion="14.0" xmlns="http://schemas.microsoft.com/developer/msbuild/2003">
  <ItemGroup>
    <Filter Include="Resource Files">
      <UniqueIdentifier>{67DA6AB6-F800-4c08-8B7A-83BB121AAD01}</UniqueIdentifier>
      <Extensions>rc;ico;cur;bmp;dlg;rc2;rct;bin;rgs;gif;jpg;jpeg;jpe;resx;tga;tiff;tif;png;wav;mfcribbon-ms</Extensions>
    </Filter>
    <Filter Include="Source Files">
      <UniqueIdentifier>{637b920c-afe0-498c-8167-00346d59bc17}</UniqueIdentifier>
    </Filter>
    <Filter Include="Header Files">
      <UniqueIdentifier>{97dad597-ca52-4ca8-b2e9-dcb63104a6d4}</UniqueIdentifier>
    </Filter>
  </ItemGroup>
  <ItemGroup>
    <ClCompile Include="..\UsageEnvironment\HashTable.cpp">
      <Filter>Source Files</Filter>
    </ClCompile>
    <ClCompile Include="..\UsageEnvironment\strDup.cpp">
      <Filter>Source Files</Filter>
    </ClCompile>
    <ClCompile Include="..\UsageEnvironment\UsageEnvironment.cpp">
      <Filter>Source Files</Filter>
    </ClCompile>
  </ItemGroup>
  <ItemGroup>
    <ClInclude Include="..\UsageEnvironment\include\HashTable.hh">
      <Filter>Header Files</Filter>
    </ClInclude>
    <ClInclude Include="..\UsageEnvironment\include\strDup.hh">
      <Filter>Header Files</Filter>
    </ClInclude>
    <ClInclude Include="..\UsageEnvironment\include\UsageEnvironment.hh">
      <Filter>Header Files</Filter>
    </ClInclude>
    <ClInclude Include="..\UsageEnvironment\include\UsageEnvironment_version.hh">
      <Filter>Header Files</Filter>
    </ClInclude>
    <ClInclude Include="..\UsageEnvironment\include\Boolean.hh">
      <Filter>Header Files</Filter>
    </ClInclude>
  </ItemGroup>
</Project>